// !$*UTF8*$!
{
	archiveVersion = 1;
	classes = {
	};
	objectVersion = 46;
	objects = {

/* Begin PBXBuildFile section */
		639749DB6FA0893EBDF77F08 /* Pods_Trump.framework in Frameworks */ = {isa = PBXBuildFile; fileRef = 3184D1504A46370FB34FB506 /* Pods_Trump.framework */; };
		E775CE732838BF7F00084404 /* AppDelegate.m in Sources */ = {isa = PBXBuildFile; fileRef = E775CE722838BF7F00084404 /* AppDelegate.m */; };
		E775CE7E2838BF8000084404 /* Assets.xcassets in Resources */ = {isa = PBXBuildFile; fileRef = E775CE7D2838BF8000084404 /* Assets.xcassets */; };
		E775CE812838BF8000084404 /* LaunchScreen.storyboard in Resources */ = {isa = PBXBuildFile; fileRef = E775CE7F2838BF8000084404 /* LaunchScreen.storyboard */; };
		E775CE842838BF8000084404 /* main.m in Sources */ = {isa = PBXBuildFile; fileRef = E775CE832838BF8000084404 /* main.m */; };
		E775D8112838C5A400084404 /* TRSafetyInterceptor.m in Sources */ = {isa = PBXBuildFile; fileRef = E775D80C2838C5A400084404 /* TRSafetyInterceptor.m */; };
		E775D8122838C5A400084404 /* TRFalconInterceptor.m in Sources */ = {isa = PBXBuildFile; fileRef = E775D80F2838C5A400084404 /* TRFalconInterceptor.m */; };
		E775D8132838C5A400084404 /* TRDDNavInterceptor.m in Sources */ = {isa = PBXBuildFile; fileRef = E775D8102838C5A400084404 /* TRDDNavInterceptor.m */; };
		E775D8182838C5F500084404 /* TRViewController.m in Sources */ = {isa = PBXBuildFile; fileRef = E775D8162838C5F400084404 /* TRViewController.m */; };
/* End PBXBuildFile section */

/* Begin PBXFileReference section */
		0725C9D40DD499496B1BCBFC /* README.md */ = {isa = PBXFileReference; includeInIndex = 1; lastKnownFileType = net.daringfireball.markdown; name = README.md; path = ../README.md; sourceTree = "<group>"; };
		0E40D61D83F5C0439CDA775E /* Pods-Trump_Tests.debug.xcconfig */ = {isa = PBXFileReference; includeInIndex = 1; lastKnownFileType = text.xcconfig; name = "Pods-Trump_Tests.debug.xcconfig"; path = "Target Support Files/Pods-Trump_Tests/Pods-Trump_Tests.debug.xcconfig"; sourceTree = "<group>"; };
		3184D1504A46370FB34FB506 /* Pods_Trump.framework */ = {isa = PBXFileReference; explicitFileType = wrapper.framework; includeInIndex = 0; path = Pods_Trump.framework; sourceTree = BUILT_PRODUCTS_DIR; };
		6003F58D195388D20070C39A /* Foundation.framework */ = {isa = PBXFileReference; lastKnownFileType = wrapper.framework; name = Foundation.framework; path = System/Library/Frameworks/Foundation.framework; sourceTree = SDKROOT; };
		6003F58F195388D20070C39A /* CoreGraphics.framework */ = {isa = PBXFileReference; lastKnownFileType = wrapper.framework; name = CoreGraphics.framework; path = System/Library/Frameworks/CoreGraphics.framework; sourceTree = SDKROOT; };
		6003F591195388D20070C39A /* UIKit.framework */ = {isa = PBXFileReference; lastKnownFileType = wrapper.framework; name = UIKit.framework; path = System/Library/Frameworks/UIKit.framework; sourceTree = SDKROOT; };
		6003F5AF195388D20070C39A /* XCTest.framework */ = {isa = PBXFileReference; lastKnownFileType = wrapper.framework; name = XCTest.framework; path = Library/Frameworks/XCTest.framework; sourceTree = DEVELOPER_DIR; };
		6486F4F5BCB164B63745A28A /* Pods-Trump_Tests.release.xcconfig */ = {isa = PBXFileReference; includeInIndex = 1; lastKnownFileType = text.xcconfig; name = "Pods-Trump_Tests.release.xcconfig"; path = "Target Support Files/Pods-Trump_Tests/Pods-Trump_Tests.release.xcconfig"; sourceTree = "<group>"; };
		7BA311AE6554057769D9C3A3 /* Pods-Trump.release.xcconfig */ = {isa = PBXFileReference; includeInIndex = 1; lastKnownFileType = text.xcconfig; name = "Pods-Trump.release.xcconfig"; path = "Target Support Files/Pods-Trump/Pods-Trump.release.xcconfig"; sourceTree = "<group>"; };
		BCD6F6679A9906BA074F463F /* Pods_Trump_Tests.framework */ = {isa = PBXFileReference; explicitFileType = wrapper.framework; includeInIndex = 0; path = Pods_Trump_Tests.framework; sourceTree = BUILT_PRODUCTS_DIR; };
		C1B75FD217695895EE8F55C7 /* Pods-Trump.debug.xcconfig */ = {isa = PBXFileReference; includeInIndex = 1; lastKnownFileType = text.xcconfig; name = "Pods-Trump.debug.xcconfig"; path = "Target Support Files/Pods-Trump/Pods-Trump.debug.xcconfig"; sourceTree = "<group>"; };
		CB901E5FFDFE9582C6874648 /* LICENSE */ = {isa = PBXFileReference; includeInIndex = 1; lastKnownFileType = text; name = LICENSE; path = ../LICENSE; sourceTree = "<group>"; };
		DA9DFF30557C7D94B588A839 /* Trump.podspec */ = {isa = PBXFileReference; includeInIndex = 1; lastKnownFileType = text; name = Trump.podspec; path = ../Trump.podspec; sourceTree = "<group>"; };
		E775CE6F2838BF7F00084404 /* Trump.app */ = {isa = PBXFileReference; explicitFileType = wrapper.application; includeInIndex = 0; path = Trump.app; sourceTree = BUILT_PRODUCTS_DIR; };
		E775CE712838BF7F00084404 /* AppDelegate.h */ = {isa = PBXFileReference; lastKnownFileType = sourcecode.c.h; path = AppDelegate.h; sourceTree = "<group>"; };
		E775CE722838BF7F00084404 /* AppDelegate.m */ = {isa = PBXFileReference; lastKnownFileType = sourcecode.c.objc; path = AppDelegate.m; sourceTree = "<group>"; };
		E775CE7D2838BF8000084404 /* Assets.xcassets */ = {isa = PBXFileReference; lastKnownFileType = folder.assetcatalog; path = Assets.xcassets; sourceTree = "<group>"; };
		E775CE802838BF8000084404 /* Base */ = {isa = PBXFileReference; lastKnownFileType = file.storyboard; name = Base; path = Base.lproj/LaunchScreen.storyboard; sourceTree = "<group>"; };
		E775CE822838BF8000084404 /* Info.plist */ = {isa = PBXFileReference; lastKnownFileType = text.plist.xml; path = Info.plist; sourceTree = "<group>"; };
		E775CE832838BF8000084404 /* main.m */ = {isa = PBXFileReference; lastKnownFileType = sourcecode.c.objc; path = main.m; sourceTree = "<group>"; };
		E775D80B2838C5A400084404 /* TRFalconInterceptor.h */ = {isa = PBXFileReference; fileEncoding = 4; lastKnownFileType = sourcecode.c.h; path = TRFalconInterceptor.h; sourceTree = "<group>"; };
		E775D80C2838C5A400084404 /* TRSafetyInterceptor.m */ = {isa = PBXFileReference; fileEncoding = 4; lastKnownFileType = sourcecode.c.objc; path = TRSafetyInterceptor.m; sourceTree = "<group>"; };
		E775D80D2838C5A400084404 /* TRDDNavInterceptor.h */ = {isa = PBXFileReference; fileEncoding = 4; lastKnownFileType = sourcecode.c.h; path = TRDDNavInterceptor.h; sourceTree = "<group>"; };
		E775D80E2838C5A400084404 /* TRSafetyInterceptor.h */ = {isa = PBXFileReference; fileEncoding = 4; lastKnownFileType = sourcecode.c.h; path = TRSafetyInterceptor.h; sourceTree = "<group>"; };
		E775D80F2838C5A400084404 /* TRFalconInterceptor.m */ = {isa = PBXFileReference; fileEncoding = 4; lastKnownFileType = sourcecode.c.objc; path = TRFalconInterceptor.m; sourceTree = "<group>"; };
		E775D8102838C5A400084404 /* TRDDNavInterceptor.m */ = {isa = PBXFileReference; fileEncoding = 4; lastKnownFileType = sourcecode.c.objc; path = TRDDNavInterceptor.m; sourceTree = "<group>"; };
		E775D8162838C5F400084404 /* TRViewController.m */ = {isa = PBXFileReference; fileEncoding = 4; lastKnownFileType = sourcecode.c.objc; path = TRViewController.m; sourceTree = "<group>"; };
		E775D8172838C5F400084404 /* TRViewController.h */ = {isa = PBXFileReference; fileEncoding = 4; lastKnownFileType = sourcecode.c.h; path = TRViewController.h; sourceTree = "<group>"; };
/* End PBXFileReference section */

/* Begin PBXFrameworksBuildPhase section */
		E775CE6C2838BF7F00084404 /* Frameworks */ = {
			isa = PBXFrameworksBuildPhase;
			buildActionMask = 2147483647;
			files = (
				639749DB6FA0893EBDF77F08 /* Pods_Trump.framework in Frameworks */,
			);
			runOnlyForDeploymentPostprocessing = 0;
		};
/* End PBXFrameworksBuildPhase section */

/* Begin PBXGroup section */
		6003F581195388D10070C39A = {
			isa = PBXGroup;
			children = (
				60FF7A9C1954A5C5007DD14C /* Podspec Metadata */,
				E775CE702838BF7F00084404 /* Trump */,
				6003F58C195388D20070C39A /* Frameworks */,
				6003F58B195388D20070C39A /* Products */,
				D3120128D34DB752486198C0 /* Pods */,
			);
			sourceTree = "<group>";
		};
		6003F58B195388D20070C39A /* Products */ = {
			isa = PBXGroup;
			children = (
				E775CE6F2838BF7F00084404 /* Trump.app */,
			);
			name = Products;
			sourceTree = "<group>";
		};
		6003F58C195388D20070C39A /* Frameworks */ = {
			isa = PBXGroup;
			children = (
				6003F58D195388D20070C39A /* Foundation.framework */,
				6003F58F195388D20070C39A /* CoreGraphics.framework */,
				6003F591195388D20070C39A /* UIKit.framework */,
				6003F5AF195388D20070C39A /* XCTest.framework */,
				BCD6F6679A9906BA074F463F /* Pods_Trump_Tests.framework */,
				3184D1504A46370FB34FB506 /* Pods_Trump.framework */,
			);
			name = Frameworks;
			sourceTree = "<group>";
		};
		60FF7A9C1954A5C5007DD14C /* Podspec Metadata */ = {
			isa = PBXGroup;
			children = (
				DA9DFF30557C7D94B588A839 /* Trump.podspec */,
				0725C9D40DD499496B1BCBFC /* README.md */,
				CB901E5FFDFE9582C6874648 /* LICENSE */,
			);
			name = "Podspec Metadata";
			sourceTree = "<group>";
		};
		D3120128D34DB752486198C0 /* Pods */ = {
			isa = PBXGroup;
			children = (
				0E40D61D83F5C0439CDA775E /* Pods-Trump_Tests.debug.xcconfig */,
				6486F4F5BCB164B63745A28A /* Pods-Trump_Tests.release.xcconfig */,
				C1B75FD217695895EE8F55C7 /* Pods-Trump.debug.xcconfig */,
				7BA311AE6554057769D9C3A3 /* Pods-Trump.release.xcconfig */,
			);
			path = Pods;
			sourceTree = "<group>";
		};
		E775CE702838BF7F00084404 /* Trump */ = {
			isa = PBXGroup;
			children = (
				E775CE712838BF7F00084404 /* AppDelegate.h */,
				E775CE722838BF7F00084404 /* AppDelegate.m */,
				E775D8172838C5F400084404 /* TRViewController.h */,
				E775D8162838C5F400084404 /* TRViewController.m */,
				E775CE7D2838BF8000084404 /* Assets.xcassets */,
				E775CE7F2838BF8000084404 /* LaunchScreen.storyboard */,
				E775CE822838BF8000084404 /* Info.plist */,
				E775CE832838BF8000084404 /* main.m */,
				E775D80A2838C5A400084404 /* interceptors */,
			);
			path = Trump;
			sourceTree = "<group>";
		};
		E775D80A2838C5A400084404 /* interceptors */ = {
			isa = PBXGroup;
			children = (
				E775D80B2838C5A400084404 /* TRFalconInterceptor.h */,
				E775D80C2838C5A400084404 /* TRSafetyInterceptor.m */,
				E775D80D2838C5A400084404 /* TRDDNavInterceptor.h */,
				E775D80E2838C5A400084404 /* TRSafetyInterceptor.h */,
				E775D80F2838C5A400084404 /* TRFalconInterceptor.m */,
				E775D8102838C5A400084404 /* TRDDNavInterceptor.m */,
			);
			path = interceptors;
			sourceTree = "<group>";
		};
/* End PBXGroup section */

/* Begin PBXNativeTarget section */
		E775CE6E2838BF7F00084404 /* Trump */ = {
			isa = PBXNativeTarget;
			buildConfigurationList = E775CE852838BF8000084404 /* Build configuration list for PBXNativeTarget "Trump" */;
			buildPhases = (
				FFA236098FE82178DBA0D581 /* [CP] Check Pods Manifest.lock */,
				E775CE6B2838BF7F00084404 /* Sources */,
				E775CE6C2838BF7F00084404 /* Frameworks */,
				E775CE6D2838BF7F00084404 /* Resources */,
				2F02D195FA24A9F6A3FADD3E /* [CP] Embed Pods Frameworks */,
			);
			buildRules = (
			);
			dependencies = (
			);
			name = Trump;
			productName = Trump;
			productReference = E775CE6F2838BF7F00084404 /* Trump.app */;
			productType = "com.apple.product-type.application";
		};
/* End PBXNativeTarget section */

/* Begin PBXProject section */
		6003F582195388D10070C39A /* Project object */ = {
			isa = PBXProject;
			attributes = {
				CLASSPREFIX = TR;
				LastUpgradeCheck = 0720;
				ORGANIZATIONNAME = "Igor Xiang";
				TargetAttributes = {
					E775CE6E2838BF7F00084404 = {
						CreatedOnToolsVersion = 12.2;
						ProvisioningStyle = Manual;
					};
				};
			};
			buildConfigurationList = 6003F585195388D10070C39A /* Build configuration list for PBXProject "Trump" */;
			compatibilityVersion = "Xcode 3.2";
			developmentRegion = English;
			hasScannedForEncodings = 0;
			knownRegions = (
				English,
				en,
				Base,
			);
			mainGroup = 6003F581195388D10070C39A;
			productRefGroup = 6003F58B195388D20070C39A /* Products */;
			projectDirPath = "";
			projectRoot = "";
			targets = (
				E775CE6E2838BF7F00084404 /* Trump */,
			);
		};
/* End PBXProject section */

/* Begin PBXResourcesBuildPhase section */
		E775CE6D2838BF7F00084404 /* Resources */ = {
			isa = PBXResourcesBuildPhase;
			buildActionMask = 2147483647;
			files = (
				E775CE812838BF8000084404 /* LaunchScreen.storyboard in Resources */,
				E775CE7E2838BF8000084404 /* Assets.xcassets in Resources */,
			);
			runOnlyForDeploymentPostprocessing = 0;
		};
/* End PBXResourcesBuildPhase section */

/* Begin PBXShellScriptBuildPhase section */
		2F02D195FA24A9F6A3FADD3E /* [CP] Embed Pods Frameworks */ = {
			isa = PBXShellScriptBuildPhase;
			buildActionMask = 2147483647;
			files = (
			);
			inputPaths = (
				"${PODS_ROOT}/Target Support Files/Pods-Trump/Pods-Trump-frameworks.sh",
				"${BUILT_PRODUCTS_DIR}/JSONModel/JSONModel.framework",
				"${BUILT_PRODUCTS_DIR}/SSZipArchive/SSZipArchive.framework",
				"${BUILT_PRODUCTS_DIR}/Trump/Trump.framework",
			);
			name = "[CP] Embed Pods Frameworks";
			outputPaths = (
				"${TARGET_BUILD_DIR}/${FRAMEWORKS_FOLDER_PATH}/JSONModel.framework",
				"${TARGET_BUILD_DIR}/${FRAMEWORKS_FOLDER_PATH}/SSZipArchive.framework",
				"${TARGET_BUILD_DIR}/${FRAMEWORKS_FOLDER_PATH}/Trump.framework",
			);
			runOnlyForDeploymentPostprocessing = 0;
			shellPath = /bin/sh;
			shellScript = "\"${PODS_ROOT}/Target Support Files/Pods-Trump/Pods-Trump-frameworks.sh\"\n";
			showEnvVarsInLog = 0;
		};
		FFA236098FE82178DBA0D581 /* [CP] Check Pods Manifest.lock */ = {
			isa = PBXShellScriptBuildPhase;
			buildActionMask = 2147483647;
			files = (
			);
			inputFileListPaths = (
			);
			inputPaths = (
				"${PODS_PODFILE_DIR_PATH}/Podfile.lock",
				"${PODS_ROOT}/Manifest.lock",
			);
			name = "[CP] Check Pods Manifest.lock";
			outputFileListPaths = (
			);
			outputPaths = (
				"$(DERIVED_FILE_DIR)/Pods-Trump-checkManifestLockResult.txt",
			);
			runOnlyForDeploymentPostprocessing = 0;
			shellPath = /bin/sh;
			shellScript = "diff \"${PODS_PODFILE_DIR_PATH}/Podfile.lock\" \"${PODS_ROOT}/Manifest.lock\" > /dev/null\nif [ $? != 0 ] ; then\n    # print error to STDERR\n    echo \"error: The sandbox is not in sync with the Podfile.lock. Run 'pod install' or update your CocoaPods installation.\" >&2\n    exit 1\nfi\n# This output is used by Xcode 'outputs' to avoid re-running this script phase.\necho \"SUCCESS\" > \"${SCRIPT_OUTPUT_FILE_0}\"\n";
			showEnvVarsInLog = 0;
		};
/* End PBXShellScriptBuildPhase section */

/* Begin PBXSourcesBuildPhase section */
		E775CE6B2838BF7F00084404 /* Sources */ = {
			isa = PBXSourcesBuildPhase;
			buildActionMask = 2147483647;
			files = (
				E775CE732838BF7F00084404 /* AppDelegate.m in Sources */,
				E775D8112838C5A400084404 /* TRSafetyInterceptor.m in Sources */,
				E775D8122838C5A400084404 /* TRFalconInterceptor.m in Sources */,
				E775CE842838BF8000084404 /* main.m in Sources */,
				E775D8132838C5A400084404 /* TRDDNavInterceptor.m in Sources */,
				E775D8182838C5F500084404 /* TRViewController.m in Sources */,
			);
			runOnlyForDeploymentPostprocessing = 0;
		};
/* End PBXSourcesBuildPhase section */

/* Begin PBXVariantGroup section */
		E775CE7F2838BF8000084404 /* LaunchScreen.storyboard */ = {
			isa = PBXVariantGroup;
			children = (
				E775CE802838BF8000084404 /* Base */,
			);
			name = LaunchScreen.storyboard;
			sourceTree = "<group>";
		};
/* End PBXVariantGroup section */

/* Begin XCBuildConfiguration section */
		6003F5BD195388D20070C39A /* Debug */ = {
			isa = XCBuildConfiguration;
			buildSettings = {
				ALWAYS_SEARCH_USER_PATHS = NO;
				CLANG_CXX_LANGUAGE_STANDARD = "gnu++0x";
				CLANG_CXX_LIBRARY = "libc++";
				CLANG_ENABLE_MODULES = YES;
				CLANG_ENABLE_OBJC_ARC = YES;
				CLANG_WARN_BOOL_CONVERSION = YES;
				CLANG_WARN_CONSTANT_CONVERSION = YES;
				CLANG_WARN_DIRECT_OBJC_ISA_USAGE = YES_ERROR;
				CLANG_WARN_EMPTY_BODY = YES;
				CLANG_WARN_ENUM_CONVERSION = YES;
				CLANG_WARN_INT_CONVERSION = YES;
				CLANG_WARN_OBJC_ROOT_CLASS = YES_ERROR;
				CLANG_WARN__DUPLICATE_METHOD_MATCH = YES;
				"CODE_SIGN_IDENTITY[sdk=iphoneos*]" = "iPhone Developer";
				COPY_PHASE_STRIP = NO;
				ENABLE_TESTABILITY = YES;
				GCC_C_LANGUAGE_STANDARD = gnu99;
				GCC_DYNAMIC_NO_PIC = NO;
				GCC_OPTIMIZATION_LEVEL = 0;
				GCC_PREPROCESSOR_DEFINITIONS = (
					"DEBUG=1",
					"$(inherited)",
				);
				GCC_SYMBOLS_PRIVATE_EXTERN = NO;
				GCC_WARN_64_TO_32_BIT_CONVERSION = YES;
				GCC_WARN_ABOUT_RETURN_TYPE = YES_ERROR;
				GCC_WARN_UNDECLARED_SELECTOR = YES;
				GCC_WARN_UNINITIALIZED_AUTOS = YES_AGGRESSIVE;
				GCC_WARN_UNUSED_FUNCTION = YES;
				GCC_WARN_UNUSED_VARIABLE = YES;
				IPHONEOS_DEPLOYMENT_TARGET = 9.3;
				ONLY_ACTIVE_ARCH = YES;
				SDKROOT = iphoneos;
				TARGETED_DEVICE_FAMILY = "1,2";
			};
			name = Debug;
		};
		6003F5BE195388D20070C39A /* Release */ = {
			isa = XCBuildConfiguration;
			buildSettings = {
				ALWAYS_SEARCH_USER_PATHS = NO;
				CLANG_CXX_LANGUAGE_STANDARD = "gnu++0x";
				CLANG_CXX_LIBRARY = "libc++";
				CLANG_ENABLE_MODULES = YES;
				CLANG_ENABLE_OBJC_ARC = YES;
				CLANG_WARN_BOOL_CONVERSION = YES;
				CLANG_WARN_CONSTANT_CONVERSION = YES;
				CLANG_WARN_DIRECT_OBJC_ISA_USAGE = YES_ERROR;
				CLANG_WARN_EMPTY_BODY = YES;
				CLANG_WARN_ENUM_CONVERSION = YES;
				CLANG_WARN_INT_CONVERSION = YES;
				CLANG_WARN_OBJC_ROOT_CLASS = YES_ERROR;
				CLANG_WARN__DUPLICATE_METHOD_MATCH = YES;
				"CODE_SIGN_IDENTITY[sdk=iphoneos*]" = "iPhone Developer";
				COPY_PHASE_STRIP = YES;
				ENABLE_NS_ASSERTIONS = NO;
				GCC_C_LANGUAGE_STANDARD = gnu99;
				GCC_WARN_64_TO_32_BIT_CONVERSION = YES;
				GCC_WARN_ABOUT_RETURN_TYPE = YES_ERROR;
				GCC_WARN_UNDECLARED_SELECTOR = YES;
				GCC_WARN_UNINITIALIZED_AUTOS = YES_AGGRESSIVE;
				GCC_WARN_UNUSED_FUNCTION = YES;
				GCC_WARN_UNUSED_VARIABLE = YES;
				IPHONEOS_DEPLOYMENT_TARGET = 9.3;
				SDKROOT = iphoneos;
				TARGETED_DEVICE_FAMILY = "1,2";
				VALIDATE_PRODUCT = YES;
			};
			name = Release;
		};
		E775CE862838BF8000084404 /* Debug */ = {
			isa = XCBuildConfiguration;
			baseConfigurationReference = C1B75FD217695895EE8F55C7 /* Pods-Trump.debug.xcconfig */;
			buildSettings = {
				ASSETCATALOG_COMPILER_APPICON_NAME = AppIcon;
				ASSETCATALOG_COMPILER_GLOBAL_ACCENT_COLOR_NAME = AccentColor;
				CLANG_ANALYZER_NONNULL = YES;
				CLANG_ANALYZER_NUMBER_OBJECT_CONVERSION = YES_AGGRESSIVE;
				CLANG_CXX_LANGUAGE_STANDARD = "gnu++14";
				CLANG_ENABLE_OBJC_WEAK = YES;
				CLANG_WARN_BLOCK_CAPTURE_AUTORELEASING = YES;
				CLANG_WARN_COMMA = YES;
				CLANG_WARN_DEPRECATED_OBJC_IMPLEMENTATIONS = YES;
				CLANG_WARN_DOCUMENTATION_COMMENTS = YES;
				CLANG_WARN_INFINITE_RECURSION = YES;
				CLANG_WARN_NON_LITERAL_NULL_CONVERSION = YES;
				CLANG_WARN_OBJC_IMPLICIT_RETAIN_SELF = YES;
				CLANG_WARN_OBJC_LITERAL_CONVERSION = YES;
				CLANG_WARN_QUOTED_INCLUDE_IN_FRAMEWORK_HEADER = YES;
				CLANG_WARN_RANGE_LOOP_ANALYSIS = YES;
				CLANG_WARN_STRICT_PROTOTYPES = YES;
				CLANG_WARN_SUSPICIOUS_MOVE = YES;
				CLANG_WARN_UNGUARDED_AVAILABILITY = YES_AGGRESSIVE;
				CLANG_WARN_UNREACHABLE_CODE = YES;
				CODE_SIGN_STYLE = Manual;
				DEBUG_INFORMATION_FORMAT = dwarf;
				DEVELOPMENT_TEAM = "";
				ENABLE_STRICT_OBJC_MSGSEND = YES;
				GCC_C_LANGUAGE_STANDARD = gnu11;
				GCC_NO_COMMON_BLOCKS = YES;
				INFOPLIST_FILE = Trump/Info.plist;
				IPHONEOS_DEPLOYMENT_TARGET = 10.0;
				LD_RUNPATH_SEARCH_PATHS = "$(inherited) @executable_path/Frameworks";
				MTL_ENABLE_DEBUG_INFO = INCLUDE_SOURCE;
				MTL_FAST_MATH = YES;
				PRODUCT_BUNDLE_IDENTIFIER = com.hiigor.Trump;
				PRODUCT_NAME = "$(TARGET_NAME)";
				PROVISIONING_PROFILE_SPECIFIER = "";
				TARGETED_DEVICE_FAMILY = 1;
			};
			name = Debug;
		};
		E775CE872838BF8000084404 /* Release */ = {
			isa = XCBuildConfiguration;
			baseConfigurationReference = 7BA311AE6554057769D9C3A3 /* Pods-Trump.release.xcconfig */;
			buildSettings = {
				ASSETCATALOG_COMPILER_APPICON_NAME = AppIcon;
				ASSETCATALOG_COMPILER_GLOBAL_ACCENT_COLOR_NAME = AccentColor;
				CLANG_ANALYZER_NONNULL = YES;
				CLANG_ANALYZER_NUMBER_OBJECT_CONVERSION = YES_AGGRESSIVE;
				CLANG_CXX_LANGUAGE_STANDARD = "gnu++14";
				CLANG_ENABLE_OBJC_WEAK = YES;
				CLANG_WARN_BLOCK_CAPTURE_AUTORELEASING = YES;
				CLANG_WARN_COMMA = YES;
				CLANG_WARN_DEPRECATED_OBJC_IMPLEMENTATIONS = YES;
				CLANG_WARN_DOCUMENTATION_COMMENTS = YES;
				CLANG_WARN_INFINITE_RECURSION = YES;
				CLANG_WARN_NON_LITERAL_NULL_CONVERSION = YES;
				CLANG_WARN_OBJC_IMPLICIT_RETAIN_SELF = YES;
				CLANG_WARN_OBJC_LITERAL_CONVERSION = YES;
				CLANG_WARN_QUOTED_INCLUDE_IN_FRAMEWORK_HEADER = YES;
				CLANG_WARN_RANGE_LOOP_ANALYSIS = YES;
				CLANG_WARN_STRICT_PROTOTYPES = YES;
				CLANG_WARN_SUSPICIOUS_MOVE = YES;
				CLANG_WARN_UNGUARDED_AVAILABILITY = YES_AGGRESSIVE;
				CLANG_WARN_UNREACHABLE_CODE = YES;
				CODE_SIGN_STYLE = Manual;
				COPY_PHASE_STRIP = NO;
				DEBUG_INFORMATION_FORMAT = "dwarf-with-dsym";
				DEVELOPMENT_TEAM = "";
				ENABLE_STRICT_OBJC_MSGSEND = YES;
				GCC_C_LANGUAGE_STANDARD = gnu11;
				GCC_NO_COMMON_BLOCKS = YES;
				INFOPLIST_FILE = Trump/Info.plist;
				IPHONEOS_DEPLOYMENT_TARGET = 10.0;
				LD_RUNPATH_SEARCH_PATHS = "$(inherited) @executable_path/Frameworks";
				MTL_ENABLE_DEBUG_INFO = NO;
				MTL_FAST_MATH = YES;
				PRODUCT_BUNDLE_IDENTIFIER = com.hiigor.Trump;
				PRODUCT_NAME = "$(TARGET_NAME)";
				PROVISIONING_PROFILE_SPECIFIER = "";
				TARGETED_DEVICE_FAMILY = 1;
			};
			name = Release;
		};
/* End XCBuildConfiguration section */

/* Begin XCConfigurationList section */
		6003F585195388D10070C39A /* Build configuration list for PBXProject "Trump" */ = {
			isa = XCConfigurationList;
			buildConfigurations = (
				6003F5BD195388D20070C39A /* Debug */,
				6003F5BE195388D20070C39A /* Release */,
			);
			defaultConfigurationIsVisible = 0;
			defaultConfigurationName = Release;
		};
		E775CE852838BF8000084404 /* Build configuration list for PBXNativeTarget "Trump" */ = {
			isa = XCConfigurationList;
			buildConfigurations = (
				E775CE862838BF8000084404 /* Debug */,
				E775CE872838BF8000084404 /* Release */,
			);
			defaultConfigurationIsVisible = 0;
			defaultConfigurationName = Release;
		};
/* End XCConfigurationList section */
	};
	rootObject = 6003F582195388D10070C39A /* Project object */;
}
